
Microsoft Visual Studio Solution File, Format Version 12.00
# Visual Studio Version 17
VisualStudioVersion = 17.14.36915.13 d17.14
MinimumVisualStudioVersion = 10.0.40219.1
Project("{FAE04EC0-301F-11D3-BF4B-00C04F79EFBC}") = "ProjectManagement", "ProjectManagement\ProjectManagement.csproj", "{D8C1BFC8-2DB5-4D1A-B6D9-9EFCF1291FBE}"
EndProject
Global
	GlobalSection(SolutionConfigurationPlatforms) = preSolution
		Debug|Any CPU = Debug|Any CPU
		Release|Any CPU = Release|Any CPU
	EndGlobalSection
	GlobalSection(ProjectConfigurationPlatforms) = postSolution
		{D8C1BFC8-2DB5-4D1A-B6D9-9EFCF1291FBE}.Debug|Any CPU.ActiveCfg = Debug|Any CPU
		{D8C1BFC8-2DB5-4D1A-B6D9-9EFCF1291FBE}.Debug|Any CPU.Build.0 = Debug|Any CPU
		{D8C1BFC8-2DB5-4D1A-B6D9-9EFCF1291FBE}.Release|Any CPU.ActiveCfg = Release|Any CPU
		{D8C1BFC8-2DB5-4D1A-B6D9-9EFCF1291FBE}.Release|Any CPU.Build.0 = Release|Any CPU
	EndGlobalSection
	GlobalSection(SolutionProperties) = preSolution
		HideSolutionNode = FALSE
	EndGlobalSection
	GlobalSection(ExtensibilityGlobals) = postSolution
		SolutionGuid = {89873BEE-F297-49E0-BF87-DF21A5ECFAD7}
	EndGlobalSection
EndGlobal
